
Microsoft Visual Studio Solution File, Format Version 12.00
# Visual Studio 15
VisualStudioVersion = 15.0.27004.2005
MinimumVisualStudioVersion = 10.0.40219.1
Project("{FAE04EC0-301F-11D3-BF4B-00C04F79EFBC}") = "NextGen.Browser", "NextGen.Browser\NextGen.Browser.csproj", "{40F37218-D06F-493A-BC17-6D5A77F5924A}"
EndProject
Project("{FAE04EC0-301F-11D3-BF4B-00C04F79EFBC}") = "NextGen.CSSParser", "NextGen.CSSParser\NextGen.CSSParser.csproj", "{DA40DFAA-167B-412E-8D0E-09F31DDD796B}"
EndProject
Project("{FAE04EC0-301F-11D3-BF4B-00C04F79EFBC}") = "NextGen.HTMLParser", "NextGen.HTMLParser\NextGen.HTMLParser.csproj", "{AFCA92CF-11D0-479C-BAC8-2E2CBB9F56E6}"
EndProject
Project("{FAE04EC0-301F-11D3-BF4B-00C04F79EFBC}") = "NextGen.CSSParser.Test", "NextGen.CSSParser.Test\NextGen.CSSParser.Test.csproj", "{778DC278-F007-4493-ABAE-FDA8A0ADC2C7}"
EndProject
Project("{FAE04EC0-301F-11D3-BF4B-00C04F79EFBC}") = "NextGen.HTMLParser.Tests", "NextGen.HTMLParser.Tests\NextGen.HTMLParser.Tests.csproj", "{D0E19476-76DE-4FFB-AE25-EF5590A83E0C}"
EndProject
Project("{FAE04EC0-301F-11D3-BF4B-00C04F79EFBC}") = "NextGen.ViewEngine", "ViewEngine\NextGen.ViewEngine.csproj", "{F6BB5BEF-F9AC-4F6A-B606-1F240CE58B3D}"
EndProject
Project("{FAE04EC0-301F-11D3-BF4B-00C04F79EFBC}") = "NextGen.ViewEngine.Tests", "NextGen.ViewEngine.Tests\NextGen.ViewEngine.Tests.csproj", "{C880E1EA-BF89-42C9-8461-A548B51D212F}"
EndProject
Global
	GlobalSection(SolutionConfigurationPlatforms) = preSolution
		Debug|Any CPU = Debug|Any CPU
		Release|Any CPU = Release|Any CPU
	EndGlobalSection
	GlobalSection(ProjectConfigurationPlatforms) = postSolution
		{40F37218-D06F-493A-BC17-6D5A77F5924A}.Debug|Any CPU.ActiveCfg = Debug|Any CPU
		{40F37218-D06F-493A-BC17-6D5A77F5924A}.Debug|Any CPU.Build.0 = Debug|Any CPU
		{40F37218-D06F-493A-BC17-6D5A77F5924A}.Release|Any CPU.ActiveCfg = Release|Any CPU
		{40F37218-D06F-493A-BC17-6D5A77F5924A}.Release|Any CPU.Build.0 = Release|Any CPU
		{DA40DFAA-167B-412E-8D0E-09F31DDD796B}.Debug|Any CPU.ActiveCfg = Debug|Any CPU
		{DA40DFAA-167B-412E-8D0E-09F31DDD796B}.Debug|Any CPU.Build.0 = Debug|Any CPU
		{DA40DFAA-167B-412E-8D0E-09F31DDD796B}.Release|Any CPU.ActiveCfg = Release|Any CPU
		{DA40DFAA-167B-412E-8D0E-09F31DDD796B}.Release|Any CPU.Build.0 = Release|Any CPU
		{AFCA92CF-11D0-479C-BAC8-2E2CBB9F56E6}.Debug|Any CPU.ActiveCfg = Debug|Any CPU
		{AFCA92CF-11D0-479C-BAC8-2E2CBB9F56E6}.Debug|Any CPU.Build.0 = Debug|Any CPU
		{AFCA92CF-11D0-479C-BAC8-2E2CBB9F56E6}.Release|Any CPU.ActiveCfg = Release|Any CPU
		{AFCA92CF-11D0-479C-BAC8-2E2CBB9F56E6}.Release|Any CPU.Build.0 = Release|Any CPU
		{778DC278-F007-4493-ABAE-FDA8A0ADC2C7}.Debug|Any CPU.ActiveCfg = Debug|Any CPU
		{778DC278-F007-4493-ABAE-FDA8A0ADC2C7}.Debug|Any CPU.Build.0 = Debug|Any CPU
		{778DC278-F007-4493-ABAE-FDA8A0ADC2C7}.Release|Any CPU.ActiveCfg = Release|Any CPU
		{778DC278-F007-4493-ABAE-FDA8A0ADC2C7}.Release|Any CPU.Build.0 = Release|Any CPU
		{D0E19476-76DE-4FFB-AE25-EF5590A83E0C}.Debug|Any CPU.ActiveCfg = Debug|Any CPU
		{D0E19476-76DE-4FFB-AE25-EF5590A83E0C}.Debug|Any CPU.Build.0 = Debug|Any CPU
		{D0E19476-76DE-4FFB-AE25-EF5590A83E0C}.Release|Any CPU.ActiveCfg = Release|Any CPU
		{D0E19476-76DE-4FFB-AE25-EF5590A83E0C}.Release|Any CPU.Build.0 = Release|Any CPU
		{F6BB5BEF-F9AC-4F6A-B606-1F240CE58B3D}.Debug|Any CPU.ActiveCfg = Debug|Any CPU
		{F6BB5BEF-F9AC-4F6A-B606-1F240CE58B3D}.Debug|Any CPU.Build.0 = Debug|Any CPU
		{F6BB5BEF-F9AC-4F6A-B606-1F240CE58B3D}.Release|Any CPU.ActiveCfg = Release|Any CPU
		{F6BB5BEF-F9AC-4F6A-B606-1F240CE58B3D}.Release|Any CPU.Build.0 = Release|Any CPU
		{C880E1EA-BF89-42C9-8461-A548B51D212F}.Debug|Any CPU.ActiveCfg = Debug|Any CPU
		{C880E1EA-BF89-42C9-8461-A548B51D212F}.Debug|Any CPU.Build.0 = Debug|Any CPU
		{C880E1EA-BF89-42C9-8461-A548B51D212F}.Release|Any CPU.ActiveCfg = Release|Any CPU
		{C880E1EA-BF89-42C9-8461-A548B51D212F}.Release|Any CPU.Build.0 = Release|Any CPU
	EndGlobalSection
	GlobalSection(SolutionProperties) = preSolution
		HideSolutionNode = FALSE
	EndGlobalSection
	GlobalSection(ExtensibilityGlobals) = postSolution
		SolutionGuid = {C44F60AF-C92C-4EF9-B7E6-7915836406BE}
	EndGlobalSection
EndGlobal
